
Microsoft Visual Studio Solution File, Format Version 12.00
# Visual Studio Version 17
VisualStudioVersion = 17.0.31912.275
MinimumVisualStudioVersion = 10.0.40219.1
Project("{FAE04EC0-301F-11D3-BF4B-00C04F79EFBC}") = "VotingAPI.Models", "VotingAPI.Models\VotingAPI.Models.csproj", "{84689B48-DFA0-4BAA-964B-D9EFB557C86D}"
EndProject
Project("{FAE04EC0-301F-11D3-BF4B-00C04F79EFBC}") = "VotingAPI.DataAccess", "VotingAPI.DataAccess\VotingAPI.DataAccess.csproj", "{C3D8F299-2000-417F-B41E-3FE26DD65534}"
EndProject
Project("{FAE04EC0-301F-11D3-BF4B-00C04F79EFBC}") = "VotingAPI.Services", "VotingAPI.Services\VotingAPI.Services.csproj", "{6EDC6AF4-E1BB-4A39-83AC-7D449BA6E4B1}"
EndProject
Project("{FAE04EC0-301F-11D3-BF4B-00C04F79EFBC}") = "VotingAPI", "VotingAPI\VotingAPI.csproj", "{0C12654F-A285-402F-8C0E-A68C4F2F3D4D}"
EndProject
Global
	GlobalSection(SolutionConfigurationPlatforms) = preSolution
		Debug|Any CPU = Debug|Any CPU
		Release|Any CPU = Release|Any CPU
	EndGlobalSection
	GlobalSection(ProjectConfigurationPlatforms) = postSolution
		{84689B48-DFA0-4BAA-964B-D9EFB557C86D}.Debug|Any CPU.ActiveCfg = Debug|Any CPU
		{84689B48-DFA0-4BAA-964B-D9EFB557C86D}.Debug|Any CPU.Build.0 = Debug|Any CPU
		{84689B48-DFA0-4BAA-964B-D9EFB557C86D}.Release|Any CPU.ActiveCfg = Release|Any CPU
		{84689B48-DFA0-4BAA-964B-D9EFB557C86D}.Release|Any CPU.Build.0 = Release|Any CPU
		{C3D8F299-2000-417F-B41E-3FE26DD65534}.Debug|Any CPU.ActiveCfg = Debug|Any CPU
		{C3D8F299-2000-417F-B41E-3FE26DD65534}.Debug|Any CPU.Build.0 = Debug|Any CPU
		{C3D8F299-2000-417F-B41E-3FE26DD65534}.Release|Any CPU.ActiveCfg = Release|Any CPU
		{C3D8F299-2000-417F-B41E-3FE26DD65534}.Release|Any CPU.Build.0 = Release|Any CPU
		{6EDC6AF4-E1BB-4A39-83AC-7D449BA6E4B1}.Debug|Any CPU.ActiveCfg = Debug|Any CPU
		{6EDC6AF4-E1BB-4A39-83AC-7D449BA6E4B1}.Debug|Any CPU.Build.0 = Debug|Any CPU
		{6EDC6AF4-E1BB-4A39-83AC-7D449BA6E4B1}.Release|Any CPU.ActiveCfg = Release|Any CPU
		{6EDC6AF4-E1BB-4A39-83AC-7D449BA6E4B1}.Release|Any CPU.Build.0 = Release|Any CPU
		{0C12654F-A285-402F-8C0E-A68C4F2F3D4D}.Debug|Any CPU.ActiveCfg = Debug|Any CPU
		{0C12654F-A285-402F-8C0E-A68C4F2F3D4D}.Debug|Any CPU.Build.0 = Debug|Any CPU
		{0C12654F-A285-402F-8C0E-A68C4F2F3D4D}.Release|Any CPU.ActiveCfg = Release|Any CPU
		{0C12654F-A285-402F-8C0E-A68C4F2F3D4D}.Release|Any CPU.Build.0 = Release|Any CPU
	EndGlobalSection
	GlobalSection(SolutionProperties) = preSolution
		HideSolutionNode = FALSE
	EndGlobalSection
	GlobalSection(ExtensibilityGlobals) = postSolution
		SolutionGuid = {E98F0850-B18B-47A8-8D19-5A315561ADDB}
	EndGlobalSection
EndGlobal
